// !$*UTF8*$!
{
	archiveVersion = 1;
	classes = {
	};
	objectVersion = 46;
	objects = {

/* Begin PBXBuildFile section */
		3AD9A7181D06F7BA009BAE18 /* AppDelegate.swift in Sources */ = {isa = PBXBuildFile; fileRef = 3AD9A7171D06F7BA009BAE18 /* AppDelegate.swift */; };
		3AD9A71A1D06F7BA009BAE18 /* ViewController.swift in Sources */ = {isa = PBXBuildFile; fileRef = 3AD9A7191D06F7BA009BAE18 /* ViewController.swift */; };
		3AD9A71D1D06F7BA009BAE18 /* Main.storyboard in Resources */ = {isa = PBXBuildFile; fileRef = 3AD9A71B1D06F7BA009BAE18 /* Main.storyboard */; };
		3AD9A7201D06F7BA009BAE18 /* Googolplex.xcdatamodeld in Sources */ = {isa = PBXBuildFile; fileRef = 3AD9A71E1D06F7BA009BAE18 /* Googolplex.xcdatamodeld */; };
		3AD9A7221D06F7BA009BAE18 /* Assets.xcassets in Resources */ = {isa = PBXBuildFile; fileRef = 3AD9A7211D06F7BA009BAE18 /* Assets.xcassets */; };
		3AD9A7251D06F7BA009BAE18 /* LaunchScreen.storyboard in Resources */ = {isa = PBXBuildFile; fileRef = 3AD9A7231D06F7BA009BAE18 /* LaunchScreen.storyboard */; };
		3AD9A7301D06F7BB009BAE18 /* GoogolplexTests.swift in Sources */ = {isa = PBXBuildFile; fileRef = 3AD9A72F1D06F7BB009BAE18 /* GoogolplexTests.swift */; };
		3AD9A73B1D06F7BB009BAE18 /* GoogolplexUITests.swift in Sources */ = {isa = PBXBuildFile; fileRef = 3AD9A73A1D06F7BB009BAE18 /* GoogolplexUITests.swift */; };
/* End PBXBuildFile section */

/* Begin PBXContainerItemProxy section */
		3AD9A72C1D06F7BB009BAE18 /* PBXContainerItemProxy */ = {
			isa = PBXContainerItemProxy;
			containerPortal = 3AD9A70C1D06F7BA009BAE18 /* Project object */;
			proxyType = 1;
			remoteGlobalIDString = 3AD9A7131D06F7BA009BAE18;
			remoteInfo = Googolplex;
		};
		3AD9A7371D06F7BB009BAE18 /* PBXContainerItemProxy */ = {
			isa = PBXContainerItemProxy;
			containerPortal = 3AD9A70C1D06F7BA009BAE18 /* Project object */;
			proxyType = 1;
			remoteGlobalIDString = 3AD9A7131D06F7BA009BAE18;
			remoteInfo = Googolplex;
		};
/* End PBXContainerItemProxy section */

/* Begin PBXFileReference section */
		3AD9A7141D06F7BA009BAE18 /* Googolplex.app */ = {isa = PBXFileReference; explicitFileType = wrapper.application; includeInIndex = 0; path = Googolplex.app; sourceTree = BUILT_PRODUCTS_DIR; };
		3AD9A7171D06F7BA009BAE18 /* AppDelegate.swift */ = {isa = PBXFileReference; lastKnownFileType = sourcecode.swift; path = AppDelegate.swift; sourceTree = "<group>"; };
		3AD9A7191D06F7BA009BAE18 /* ViewController.swift */ = {isa = PBXFileReference; lastKnownFileType = sourcecode.swift; path = ViewController.swift; sourceTree = "<group>"; };
		3AD9A71C1D06F7BA009BAE18 /* Base */ = {isa = PBXFileReference; lastKnownFileType = file.storyboard; name = Base; path = Base.lproj/Main.storyboard; sourceTree = "<group>"; };
		3AD9A71F1D06F7BA009BAE18 /* Googolplex.xcdatamodel */ = {isa = PBXFileReference; lastKnownFileType = wrapper.xcdatamodel; path = Googolplex.xcdatamodel; sourceTree = "<group>"; };
		3AD9A7211D06F7BA009BAE18 /* Assets.xcassets */ = {isa = PBXFileReference; lastKnownFileType = folder.assetcatalog; path = Assets.xcassets; sourceTree = "<group>"; };
		3AD9A7241D06F7BA009BAE18 /* Base */ = {isa = PBXFileReference; lastKnownFileType = file.storyboard; name = Base; path = Base.lproj/LaunchScreen.storyboard; sourceTree = "<group>"; };
		3AD9A7261D06F7BA009BAE18 /* Info.plist */ = {isa = PBXFileReference; lastKnownFileType = text.plist.xml; path = Info.plist; sourceTree = "<group>"; };
		3AD9A72B1D06F7BB009BAE18 /* GoogolplexTests.xctest */ = {isa = PBXFileReference; explicitFileType = wrapper.cfbundle; includeInIndex = 0; path = GoogolplexTests.xctest; sourceTree = BUILT_PRODUCTS_DIR; };
		3AD9A72F1D06F7BB009BAE18 /* GoogolplexTests.swift */ = {isa = PBXFileReference; lastKnownFileType = sourcecode.swift; path = GoogolplexTests.swift; sourceTree = "<group>"; };
		3AD9A7311D06F7BB009BAE18 /* Info.plist */ = {isa = PBXFileReference; lastKnownFileType = text.plist.xml; path = Info.plist; sourceTree = "<group>"; };
		3AD9A7361D06F7BB009BAE18 /* GoogolplexUITests.xctest */ = {isa = PBXFileReference; explicitFileType = wrapper.cfbundle; includeInIndex = 0; path = GoogolplexUITests.xctest; sourceTree = BUILT_PRODUCTS_DIR; };
		3AD9A73A1D06F7BB009BAE18 /* GoogolplexUITests.swift */ = {isa = PBXFileReference; lastKnownFileType = sourcecode.swift; path = GoogolplexUITests.swift; sourceTree = "<group>"; };
		3AD9A73C1D06F7BB009BAE18 /* Info.plist */ = {isa = PBXFileReference; lastKnownFileType = text.plist.xml; path = Info.plist; sourceTree = "<group>"; };
/* End PBXFileReference section */

/* Begin PBXFrameworksBuildPhase section */
		3AD9A7111D06F7BA009BAE18 /* Frameworks */ = {
			isa = PBXFrameworksBuildPhase;
			buildActionMask = 2147483647;
			files = (
			);
			runOnlyForDeploymentPostprocessing = 0;
		};
		3AD9A7281D06F7BB009BAE18 /* Frameworks */ = {
			isa = PBXFrameworksBuildPhase;
			buildActionMask = 2147483647;
			files = (
			);
			runOnlyForDeploymentPostprocessing = 0;
		};
		3AD9A7331D06F7BB009BAE18 /* Frameworks */ = {
			isa = PBXFrameworksBuildPhase;
			buildActionMask = 2147483647;
			files = (
			);
			runOnlyForDeploymentPostprocessing = 0;
		};
/* End PBXFrameworksBuildPhase section */

/* Begin PBXGroup section */
		3AD9A70B1D06F7BA009BAE18 = {
			isa = PBXGroup;
			children = (
				3AD9A7161D06F7BA009BAE18 /* Googolplex */,
				3AD9A72E1D06F7BB009BAE18 /* GoogolplexTests */,
				3AD9A7391D06F7BB009BAE18 /* GoogolplexUITests */,
				3AD9A7151D06F7BA009BAE18 /* Products */,
			);
			sourceTree = "<group>";
		};
		3AD9A7151D06F7BA009BAE18 /* Products */ = {
			isa = PBXGroup;
			children = (
				3AD9A7141D06F7BA009BAE18 /* Googolplex.app */,
				3AD9A72B1D06F7BB009BAE18 /* GoogolplexTests.xctest */,
				3AD9A7361D06F7BB009BAE18 /* GoogolplexUITests.xctest */,
			);
			name = Products;
			sourceTree = "<group>";
		};
		3AD9A7161D06F7BA009BAE18 /* Googolplex */ = {
			isa = PBXGroup;
			children = (
				3AD9A7171D06F7BA009BAE18 /* AppDelegate.swift */,
				3AD9A7191D06F7BA009BAE18 /* ViewController.swift */,
				3AD9A71B1D06F7BA009BAE18 /* Main.storyboard */,
				3AD9A7211D06F7BA009BAE18 /* Assets.xcassets */,
				3AD9A7231D06F7BA009BAE18 /* LaunchScreen.storyboard */,
				3AD9A7261D06F7BA009BAE18 /* Info.plist */,
				3AD9A71E1D06F7BA009BAE18 /* Googolplex.xcdatamodeld */,
			);
			path = Googolplex;
			sourceTree = "<group>";
		};
		3AD9A72E1D06F7BB009BAE18 /* GoogolplexTests */ = {
			isa = PBXGroup;
			children = (
				3AD9A72F1D06F7BB009BAE18 /* GoogolplexTests.swift */,
				3AD9A7311D06F7BB009BAE18 /* Info.plist */,
			);
			path = GoogolplexTests;
			sourceTree = "<group>";
		};
		3AD9A7391D06F7BB009BAE18 /* GoogolplexUITests */ = {
			isa = PBXGroup;
			children = (
				3AD9A73A1D06F7BB009BAE18 /* GoogolplexUITests.swift */,
				3AD9A73C1D06F7BB009BAE18 /* Info.plist */,
			);
			path = GoogolplexUITests;
			sourceTree = "<group>";
		};
/* End PBXGroup section */

/* Begin PBXNativeTarget section */
		3AD9A7131D06F7BA009BAE18 /* Googolplex */ = {
			isa = PBXNativeTarget;
			buildConfigurationList = 3AD9A73F1D06F7BB009BAE18 /* Build configuration list for PBXNativeTarget "Googolplex" */;
			buildPhases = (
				3AD9A7101D06F7BA009BAE18 /* Sources */,
				3AD9A7111D06F7BA009BAE18 /* Frameworks */,
				3AD9A7121D06F7BA009BAE18 /* Resources */,
			);
			buildRules = (
			);
			dependencies = (
			);
			name = Googolplex;
			productName = Googolplex;
			productReference = 3AD9A7141D06F7BA009BAE18 /* Googolplex.app */;
			productType = "com.apple.product-type.application";
		};
		3AD9A72A1D06F7BB009BAE18 /* GoogolplexTests */ = {
			isa = PBXNativeTarget;
			buildConfigurationList = 3AD9A7421D06F7BB009BAE18 /* Build configuration list for PBXNativeTarget "GoogolplexTests" */;
			buildPhases = (
				3AD9A7271D06F7BB009BAE18 /* Sources */,
				3AD9A7281D06F7BB009BAE18 /* Frameworks */,
				3AD9A7291D06F7BB009BAE18 /* Resources */,
			);
			buildRules = (
			);
			dependencies = (
				3AD9A72D1D06F7BB009BAE18 /* PBXTargetDependency */,
			);
			name = GoogolplexTests;
			productName = GoogolplexTests;
			productReference = 3AD9A72B1D06F7BB009BAE18 /* GoogolplexTests.xctest */;
			productType = "com.apple.product-type.bundle.unit-test";
		};
		3AD9A7351D06F7BB009BAE18 /* GoogolplexUITests */ = {
			isa = PBXNativeTarget;
			buildConfigurationList = 3AD9A7451D06F7BB009BAE18 /* Build configuration list for PBXNativeTarget "GoogolplexUITests" */;
			buildPhases = (
				3AD9A7321D06F7BB009BAE18 /* Sources */,
				3AD9A7331D06F7BB009BAE18 /* Frameworks */,
				3AD9A7341D06F7BB009BAE18 /* Resources */,
			);
			buildRules = (
			);
			dependencies = (
				3AD9A7381D06F7BB009BAE18 /* PBXTargetDependency */,
			);
			name = GoogolplexUITests;
			productName = GoogolplexUITests;
			productReference = 3AD9A7361D06F7BB009BAE18 /* GoogolplexUITests.xctest */;
			productType = "com.apple.product-type.bundle.ui-testing";
		};
/* End PBXNativeTarget section */

/* Begin PBXProject section */
		3AD9A70C1D06F7BA009BAE18 /* Project object */ = {
			isa = PBXProject;
			attributes = {
				LastSwiftUpdateCheck = 0730;
				LastUpgradeCheck = 0730;
				ORGANIZATIONNAME = Adrian;
				TargetAttributes = {
					3AD9A7131D06F7BA009BAE18 = {
						CreatedOnToolsVersion = 7.3.1;
					};
					3AD9A72A1D06F7BB009BAE18 = {
						CreatedOnToolsVersion = 7.3.1;
						TestTargetID = 3AD9A7131D06F7BA009BAE18;
					};
					3AD9A7351D06F7BB009BAE18 = {
						CreatedOnToolsVersion = 7.3.1;
						TestTargetID = 3AD9A7131D06F7BA009BAE18;
					};
				};
			};
			buildConfigurationList = 3AD9A70F1D06F7BA009BAE18 /* Build configuration list for PBXProject "Googolplex" */;
			compatibilityVersion = "Xcode 3.2";
			developmentRegion = English;
			hasScannedForEncodings = 0;
			knownRegions = (
				en,
				Base,
			);
			mainGroup = 3AD9A70B1D06F7BA009BAE18;
			productRefGroup = 3AD9A7151D06F7BA009BAE18 /* Products */;
			projectDirPath = "";
			projectRoot = "";
			targets = (
				3AD9A7131D06F7BA009BAE18 /* Googolplex */,
				3AD9A72A1D06F7BB009BAE18 /* GoogolplexTests */,
				3AD9A7351D06F7BB009BAE18 /* GoogolplexUITests */,
			);
		};
/* End PBXProject section */

/* Begin PBXResourcesBuildPhase section */
		3AD9A7121D06F7BA009BAE18 /* Resources */ = {
			isa = PBXResourcesBuildPhase;
			buildActionMask = 2147483647;
			files = (
				3AD9A7251D06F7BA009BAE18 /* LaunchScreen.storyboard in Resources */,
				3AD9A7221D06F7BA009BAE18 /* Assets.xcassets in Resources */,
				3AD9A71D1D06F7BA009BAE18 /* Main.storyboard in Resources */,
			);
			runOnlyForDeploymentPostprocessing = 0;
		};
		3AD9A7291D06F7BB009BAE18 /* Resources */ = {
			isa = PBXResourcesBuildPhase;
			buildActionMask = 2147483647;
			files = (
			);
			runOnlyForDeploymentPostprocessing = 0;
		};
		3AD9A7341D06F7BB009BAE18 /* Resources */ = {
			isa = PBXResourcesBuildPhase;
			buildActionMask = 2147483647;
			files = (
			);
			runOnlyForDeploymentPostprocessing = 0;
		};
/* End PBXResourcesBuildPhase section */

/* Begin PBXSourcesBuildPhase section */
		3AD9A7101D06F7BA009BAE18 /* Sources */ = {
			isa = PBXSourcesBuildPhase;
			buildActionMask = 2147483647;
			files = (
				3AD9A71A1D06F7BA009BAE18 /* ViewController.swift in Sources */,
				3AD9A7181D06F7BA009BAE18 /* AppDelegate.swift in Sources */,
				3AD9A7201D06F7BA009BAE18 /* Googolplex.xcdatamodeld in Sources */,
			);
			runOnlyForDeploymentPostprocessing = 0;
		};
		3AD9A7271D06F7BB009BAE18 /* Sources */ = {
			isa = PBXSourcesBuildPhase;
			buildActionMask = 2147483647;
			files = (
				3AD9A7301D06F7BB009BAE18 /* GoogolplexTests.swift in Sources */,
			);
			runOnlyForDeploymentPostprocessing = 0;
		};
		3AD9A7321D06F7BB009BAE18 /* Sources */ = {
			isa = PBXSourcesBuildPhase;
			buildActionMask = 2147483647;
			files = (
				3AD9A73B1D06F7BB009BAE18 /* GoogolplexUITests.swift in Sources */,
			);
			runOnlyForDeploymentPostprocessing = 0;
		};
/* End PBXSourcesBuildPhase section */

/* Begin PBXTargetDependency section */
		3AD9A72D1D06F7BB009BAE18 /* PBXTargetDependency */ = {
			isa = PBXTargetDependency;
			target = 3AD9A7131D06F7BA009BAE18 /* Googolplex */;
			targetProxy = 3AD9A72C1D06F7BB009BAE18 /* PBXContainerItemProxy */;
		};
		3AD9A7381D06F7BB009BAE18 /* PBXTargetDependency */ = {
			isa = PBXTargetDependency;
			target = 3AD9A7131D06F7BA009BAE18 /* Googolplex */;
			targetProxy = 3AD9A7371D06F7BB009BAE18 /* PBXContainerItemProxy */;
		};
/* End PBXTargetDependency section */

/* Begin PBXVariantGroup section */
		3AD9A71B1D06F7BA009BAE18 /* Main.storyboard */ = {
			isa = PBXVariantGroup;
			children = (
				3AD9A71C1D06F7BA009BAE18 /* Base */,
			);
			name = Main.storyboard;
			sourceTree = "<group>";
		};
		3AD9A7231D06F7BA009BAE18 /* LaunchScreen.storyboard */ = {
			isa = PBXVariantGroup;
			children = (
				3AD9A7241D06F7BA009BAE18 /* Base */,
			);
			name = LaunchScreen.storyboard;
			sourceTree = "<group>";
		};
/* End PBXVariantGroup section */

/* Begin XCBuildConfiguration section */
		3AD9A73D1D06F7BB009BAE18 /* Debug */ = {
			isa = XCBuildConfiguration;
			buildSettings = {
				ALWAYS_SEARCH_USER_PATHS = NO;
				CLANG_ANALYZER_NONNULL = YES;
				CLANG_CXX_LANGUAGE_STANDARD = "gnu++0x";
				CLANG_CXX_LIBRARY = "libc++";
				CLANG_ENABLE_MODULES = YES;
				CLANG_ENABLE_OBJC_ARC = YES;
				CLANG_WARN_BOOL_CONVERSION = YES;
				CLANG_WARN_CONSTANT_CONVERSION = YES;
				CLANG_WARN_DIRECT_OBJC_ISA_USAGE = YES_ERROR;
				CLANG_WARN_EMPTY_BODY = YES;
				CLANG_WARN_ENUM_CONVERSION = YES;
				CLANG_WARN_INT_CONVERSION = YES;
				CLANG_WARN_OBJC_ROOT_CLASS = YES_ERROR;
				CLANG_WARN_UNREACHABLE_CODE = YES;
				CLANG_WARN__DUPLICATE_METHOD_MATCH = YES;
				"CODE_SIGN_IDENTITY[sdk=iphoneos*]" = "iPhone Developer";
				COPY_PHASE_STRIP = NO;
				DEBUG_INFORMATION_FORMAT = dwarf;
				ENABLE_STRICT_OBJC_MSGSEND = YES;
				ENABLE_TESTABILITY = YES;
				GCC_C_LANGUAGE_STANDARD = gnu99;
				GCC_DYNAMIC_NO_PIC = NO;
				GCC_NO_COMMON_BLOCKS = YES;
				GCC_OPTIMIZATION_LEVEL = 0;
				GCC_PREPROCESSOR_DEFINITIONS = (
					"DEBUG=1",
					"$(inherited)",
				);
				GCC_WARN_64_TO_32_BIT_CONVERSION = YES;
				GCC_WARN_ABOUT_RETURN_TYPE = YES_ERROR;
				GCC_WARN_UNDECLARED_SELECTOR = YES;
				GCC_WARN_UNINITIALIZED_AUTOS = YES_AGGRESSIVE;
				GCC_WARN_UNUSED_FUNCTION = YES;
				GCC_WARN_UNUSED_VARIABLE = YES;
				IPHONEOS_DEPLOYMENT_TARGET = 9.3;
				MTL_ENABLE_DEBUG_INFO = YES;
				ONLY_ACTIVE_ARCH = YES;
				SDKROOT = iphoneos;
				SWIFT_OPTIMIZATION_LEVEL = "-Onone";
			};
			name = Debug;
		};
		3AD9A73E1D06F7BB009BAE18 /* Release */ = {
			isa = XCBuildConfiguration;
			buildSettings = {
				ALWAYS_SEARCH_USER_PATHS = NO;
				CLANG_ANALYZER_NONNULL = YES;
				CLANG_CXX_LANGUAGE_STANDARD = "gnu++0x";
				CLANG_CXX_LIBRARY = "libc++";
				CLANG_ENABLE_MODULES = YES;
				CLANG_ENABLE_OBJC_ARC = YES;
				CLANG_WARN_BOOL_CONVERSION = YES;
				CLANG_WARN_CONSTANT_CONVERSION = YES;
				CLANG_WARN_DIRECT_OBJC_ISA_USAGE = YES_ERROR;
				CLANG_WARN_EMPTY_BODY = YES;
				CLANG_WARN_ENUM_CONVERSION = YES;
				CLANG_WARN_INT_CONVERSION = YES;
				CLANG_WARN_OBJC_ROOT_CLASS = YES_ERROR;
				CLANG_WARN_UNREACHABLE_CODE = YES;
				CLANG_WARN__DUPLICATE_METHOD_MATCH = YES;
				"CODE_SIGN_IDENTITY[sdk=iphoneos*]" = "iPhone Developer";
				COPY_PHASE_STRIP = NO;
				DEBUG_INFORMATION_FORMAT = "dwarf-with-dsym";
				ENABLE_NS_ASSERTIONS = NO;
				ENABLE_STRICT_OBJC_MSGSEND = YES;
				GCC_C_LANGUAGE_STANDARD = gnu99;
				GCC_NO_COMMON_BLOCKS = YES;
				GCC_WARN_64_TO_32_BIT_CONVERSION = YES;
				GCC_WARN_ABOUT_RETURN_TYPE = YES_ERROR;
				GCC_WARN_UNDECLARED_SELECTOR = YES;
				GCC_WARN_UNINITIALIZED_AUTOS = YES_AGGRESSIVE;
				GCC_WARN_UNUSED_FUNCTION = YES;
				GCC_WARN_UNUSED_VARIABLE = YES;
				IPHONEOS_DEPLOYMENT_TARGET = 9.3;
				MTL_ENABLE_DEBUG_INFO = NO;
				SDKROOT = iphoneos;
				VALIDATE_PRODUCT = YES;
			};
			name = Release;
		};
		3AD9A7401D06F7BB009BAE18 /* Debug */ = {
			isa = XCBuildConfiguration;
			buildSettings = {
				ASSETCATALOG_COMPILER_APPICON_NAME = AppIcon;
				INFOPLIST_FILE = Googolplex/Info.plist;
				LD_RUNPATH_SEARCH_PATHS = "$(inherited) @executable_path/Frameworks";
				PRODUCT_BUNDLE_IDENTIFIER = com.Adrian.Googolplex;
				PRODUCT_NAME = "$(TARGET_NAME)";
			};
			name = Debug;
		};
		3AD9A7411D06F7BB009BAE18 /* Release */ = {
			isa = XCBuildConfiguration;
			buildSettings = {
				ASSETCATALOG_COMPILER_APPICON_NAME = AppIcon;
				INFOPLIST_FILE = Googolplex/Info.plist;
				LD_RUNPATH_SEARCH_PATHS = "$(inherited) @executable_path/Frameworks";
				PRODUCT_BUNDLE_IDENTIFIER = com.Adrian.Googolplex;
				PRODUCT_NAME = "$(TARGET_NAME)";
			};
			name = Release;
		};
		3AD9A7431D06F7BB009BAE18 /* Debug */ = {
			isa = XCBuildConfiguration;
			buildSettings = {
				BUNDLE_LOADER = "$(TEST_HOST)";
				INFOPLIST_FILE = GoogolplexTests/Info.plist;
				LD_RUNPATH_SEARCH_PATHS = "$(inherited) @executable_path/Frameworks @loader_path/Frameworks";
				PRODUCT_BUNDLE_IDENTIFIER = com.Adrian.GoogolplexTests;
				PRODUCT_NAME = "$(TARGET_NAME)";
				TEST_HOST = "$(BUILT_PRODUCTS_DIR)/Googolplex.app/Googolplex";
			};
			name = Debug;
		};
		3AD9A7441D06F7BB009BAE18 /* Release */ = {
			isa = XCBuildConfiguration;
			buildSettings = {
				BUNDLE_LOADER = "$(TEST_HOST)";
				INFOPLIST_FILE = GoogolplexTests/Info.plist;
				LD_RUNPATH_SEARCH_PATHS = "$(inherited) @executable_path/Frameworks @loader_path/Frameworks";
				PRODUCT_BUNDLE_IDENTIFIER = com.Adrian.GoogolplexTests;
				PRODUCT_NAME = "$(TARGET_NAME)";
				TEST_HOST = "$(BUILT_PRODUCTS_DIR)/Googolplex.app/Googolplex";
			};
			name = Release;
		};
		3AD9A7461D06F7BB009BAE18 /* Debug */ = {
			isa = XCBuildConfiguration;
			buildSettings = {
				INFOPLIST_FILE = GoogolplexUITests/Info.plist;
				LD_RUNPATH_SEARCH_PATHS = "$(inherited) @executable_path/Frameworks @loader_path/Frameworks";
				PRODUCT_BUNDLE_IDENTIFIER = com.Adrian.GoogolplexUITests;
				PRODUCT_NAME = "$(TARGET_NAME)";
				TEST_TARGET_NAME = Googolplex;
			};
			name = Debug;
		};
		3AD9A7471D06F7BB009BAE18 /* Release */ = {
			isa = XCBuildConfiguration;
			buildSettings = {
				INFOPLIST_FILE = GoogolplexUITests/Info.plist;
				LD_RUNPATH_SEARCH_PATHS = "$(inherited) @executable_path/Frameworks @loader_path/Frameworks";
				PRODUCT_BUNDLE_IDENTIFIER = com.Adrian.GoogolplexUITests;
				PRODUCT_NAME = "$(TARGET_NAME)";
				TEST_TARGET_NAME = Googolplex;
			};
			name = Release;
		};
/* End XCBuildConfiguration section */

/* Begin XCConfigurationList section */
		3AD9A70F1D06F7BA009BAE18 /* Build configuration list for PBXProject "Googolplex" */ = {
			isa = XCConfigurationList;
			buildConfigurations = (
				3AD9A73D1D06F7BB009BAE18 /* Debug */,
				3AD9A73E1D06F7BB009BAE18 /* Release */,
			);
			defaultConfigurationIsVisible = 0;
			defaultConfigurationName = Release;
		};
		3AD9A73F1D06F7BB009BAE18 /* Build configuration list for PBXNativeTarget "Googolplex" */ = {
			isa = XCConfigurationList;
			buildConfigurations = (
				3AD9A7401D06F7BB009BAE18 /* Debug */,
				3AD9A7411D06F7BB009BAE18 /* Release */,
			);
			defaultConfigurationIsVisible = 0;
		};
		3AD9A7421D06F7BB009BAE18 /* Build configuration list for PBXNativeTarget "GoogolplexTests" */ = {
			isa = XCConfigurationList;
			buildConfigurations = (
				3AD9A7431D06F7BB009BAE18 /* Debug */,
				3AD9A7441D06F7BB009BAE18 /* Release */,
			);
			defaultConfigurationIsVisible = 0;
		};
		3AD9A7451D06F7BB009BAE18 /* Build configuration list for PBXNativeTarget "GoogolplexUITests" */ = {
			isa = XCConfigurationList;
			buildConfigurations = (
				3AD9A7461D06F7BB009BAE18 /* Debug */,
				3AD9A7471D06F7BB009BAE18 /* Release */,
			);
			defaultConfigurationIsVisible = 0;
		};
/* End XCConfigurationList section */

/* Begin XCVersionGroup section */
		3AD9A71E1D06F7BA009BAE18 /* Googolplex.xcdatamodeld */ = {
			isa = XCVersionGroup;
			children = (
				3AD9A71F1D06F7BA009BAE18 /* Googolplex.xcdatamodel */,
			);
			currentVersion = 3AD9A71F1D06F7BA009BAE18 /* Googolplex.xcdatamodel */;
			path = Googolplex.xcdatamodeld;
			sourceTree = "<group>";
			versionGroupType = wrapper.xcdatamodel;
		};
/* End XCVersionGroup section */
	};
	rootObject = 3AD9A70C1D06F7BA009BAE18 /* Project object */;
}
